// !$*UTF8*$!
{
	archiveVersion = 1;
	classes = {
	};
	objectVersion = 46;
	objects = {

/* Begin PBXBuildFile section */
		6763EB8A1DE6938400475761 /* NSDictionary+Extension.m in Sources */ = {isa = PBXBuildFile; fileRef = 6763EB891DE6938400475761 /* NSDictionary+Extension.m */; };
		6763EB8D1DE6C6EA00475761 /* NSObject+Extension.m in Sources */ = {isa = PBXBuildFile; fileRef = 6763EB8C1DE6C6EA00475761 /* NSObject+Extension.m */; };
		67B7ECEF1DE44EDE00790068 /* AppDelegate.m in Sources */ = {isa = PBXBuildFile; fileRef = 67B7ECEE1DE44EDE00790068 /* AppDelegate.m */; };
		67B7ECF51DE44EDE00790068 /* Notification.storyboard in Resources */ = {isa = PBXBuildFile; fileRef = 67B7ECF31DE44EDE00790068 /* Notification.storyboard */; };
		67B7ECF71DE44EDE00790068 /* Assets.xcassets in Resources */ = {isa = PBXBuildFile; fileRef = 67B7ECF61DE44EDE00790068 /* Assets.xcassets */; };
		67B7ECFA1DE44EDE00790068 /* LaunchScreen.storyboard in Resources */ = {isa = PBXBuildFile; fileRef = 67B7ECF81DE44EDE00790068 /* LaunchScreen.storyboard */; };
		67B7ED081DE4524F00790068 /* main.m in Sources */ = {isa = PBXBuildFile; fileRef = 67B7ED051DE4524F00790068 /* main.m */; };
		67B7ED091DE4524F00790068 /* ViewController.m in Sources */ = {isa = PBXBuildFile; fileRef = 67B7ED071DE4524F00790068 /* ViewController.m */; };
		67B7ED0C1DE452FF00790068 /* AuthorizationViewController.m in Sources */ = {isa = PBXBuildFile; fileRef = 67B7ED0B1DE452FF00790068 /* AuthorizationViewController.m */; };
		67B7ED0F1DE4531500790068 /* TimeIntervalViewController.m in Sources */ = {isa = PBXBuildFile; fileRef = 67B7ED0E1DE4531500790068 /* TimeIntervalViewController.m */; };
		67B7ED121DE4532800790068 /* ManagementViewController.m in Sources */ = {isa = PBXBuildFile; fileRef = 67B7ED111DE4532800790068 /* ManagementViewController.m */; };
		67B7ED151DE4533900790068 /* ActionableViewController.m in Sources */ = {isa = PBXBuildFile; fileRef = 67B7ED141DE4533900790068 /* ActionableViewController.m */; };
		67B7ED181DE4534700790068 /* MediaViewController.m in Sources */ = {isa = PBXBuildFile; fileRef = 67B7ED171DE4534700790068 /* MediaViewController.m */; };
		67B7ED1B1DE4535600790068 /* CustomizeUIViewController.m in Sources */ = {isa = PBXBuildFile; fileRef = 67B7ED1A1DE4535600790068 /* CustomizeUIViewController.m */; };
		67EAEEAA1DE58ACC00BE4EFC /* UIAlertController+Extension.m in Sources */ = {isa = PBXBuildFile; fileRef = 67EAEEA91DE58ACC00BE4EFC /* UIAlertController+Extension.m */; };
		67EAEEAD1DE5A1BB00BE4EFC /* NotificationHandler.m in Sources */ = {isa = PBXBuildFile; fileRef = 67EAEEAC1DE5A1BB00BE4EFC /* NotificationHandler.m */; };
/* End PBXBuildFile section */

/* Begin PBXFileReference section */
		6763EB881DE6938400475761 /* NSDictionary+Extension.h */ = {isa = PBXFileReference; fileEncoding = 4; lastKnownFileType = sourcecode.c.h; path = "NSDictionary+Extension.h"; sourceTree = "<group>"; };
		6763EB891DE6938400475761 /* NSDictionary+Extension.m */ = {isa = PBXFileReference; fileEncoding = 4; lastKnownFileType = sourcecode.c.objc; path = "NSDictionary+Extension.m"; sourceTree = "<group>"; };
		6763EB8B1DE6C6EA00475761 /* NSObject+Extension.h */ = {isa = PBXFileReference; fileEncoding = 4; lastKnownFileType = sourcecode.c.h; path = "NSObject+Extension.h"; sourceTree = "<group>"; };
		6763EB8C1DE6C6EA00475761 /* NSObject+Extension.m */ = {isa = PBXFileReference; fileEncoding = 4; lastKnownFileType = sourcecode.c.objc; path = "NSObject+Extension.m"; sourceTree = "<group>"; };
		67B7ECE71DE44EDE00790068 /* IOS10NOTIFICATION.app */ = {isa = PBXFileReference; explicitFileType = wrapper.application; includeInIndex = 0; path = IOS10NOTIFICATION.app; sourceTree = BUILT_PRODUCTS_DIR; };
		67B7ECED1DE44EDE00790068 /* AppDelegate.h */ = {isa = PBXFileReference; lastKnownFileType = sourcecode.c.h; name = AppDelegate.h; path = ../AppDelegate.h; sourceTree = "<group>"; };
		67B7ECEE1DE44EDE00790068 /* AppDelegate.m */ = {isa = PBXFileReference; lastKnownFileType = sourcecode.c.objc; name = AppDelegate.m; path = ../AppDelegate.m; sourceTree = "<group>"; };
		67B7ECF41DE44EDE00790068 /* Base */ = {isa = PBXFileReference; lastKnownFileType = file.storyboard; name = Base; path = Base.lproj/Notification.storyboard; sourceTree = "<group>"; };
		67B7ECF61DE44EDE00790068 /* Assets.xcassets */ = {isa = PBXFileReference; lastKnownFileType = folder.assetcatalog; path = Assets.xcassets; sourceTree = "<group>"; };
		67B7ECF91DE44EDE00790068 /* Base */ = {isa = PBXFileReference; lastKnownFileType = file.storyboard; name = Base; path = Base.lproj/LaunchScreen.storyboard; sourceTree = "<group>"; };
		67B7ECFB1DE44EDE00790068 /* Info.plist */ = {isa = PBXFileReference; lastKnownFileType = text.plist.xml; path = Info.plist; sourceTree = "<group>"; };
		67B7ED051DE4524F00790068 /* main.m */ = {isa = PBXFileReference; fileEncoding = 4; lastKnownFileType = sourcecode.c.objc; path = main.m; sourceTree = "<group>"; };
		67B7ED061DE4524F00790068 /* ViewController.h */ = {isa = PBXFileReference; fileEncoding = 4; lastKnownFileType = sourcecode.c.h; path = ViewController.h; sourceTree = "<group>"; };
		67B7ED071DE4524F00790068 /* ViewController.m */ = {isa = PBXFileReference; fileEncoding = 4; lastKnownFileType = sourcecode.c.objc; path = ViewController.m; sourceTree = "<group>"; };
		67B7ED0A1DE452FF00790068 /* AuthorizationViewController.h */ = {isa = PBXFileReference; fileEncoding = 4; lastKnownFileType = sourcecode.c.h; path = AuthorizationViewController.h; sourceTree = "<group>"; };
		67B7ED0B1DE452FF00790068 /* AuthorizationViewController.m */ = {isa = PBXFileReference; fileEncoding = 4; lastKnownFileType = sourcecode.c.objc; path = AuthorizationViewController.m; sourceTree = "<group>"; };
		67B7ED0D1DE4531500790068 /* TimeIntervalViewController.h */ = {isa = PBXFileReference; fileEncoding = 4; lastKnownFileType = sourcecode.c.h; path = TimeIntervalViewController.h; sourceTree = "<group>"; };
		67B7ED0E1DE4531500790068 /* TimeIntervalViewController.m */ = {isa = PBXFileReference; fileEncoding = 4; lastKnownFileType = sourcecode.c.objc; path = TimeIntervalViewController.m; sourceTree = "<group>"; };
		67B7ED101DE4532800790068 /* ManagementViewController.h */ = {isa = PBXFileReference; fileEncoding = 4; lastKnownFileType = sourcecode.c.h; path = ManagementViewController.h; sourceTree = "<group>"; };
		67B7ED111DE4532800790068 /* ManagementViewController.m */ = {isa = PBXFileReference; fileEncoding = 4; lastKnownFileType = sourcecode.c.objc; path = ManagementViewController.m; sourceTree = "<group>"; };
		67B7ED131DE4533900790068 /* ActionableViewController.h */ = {isa = PBXFileReference; fileEncoding = 4; lastKnownFileType = sourcecode.c.h; path = ActionableViewController.h; sourceTree = "<group>"; };
		67B7ED141DE4533900790068 /* ActionableViewController.m */ = {isa = PBXFileReference; fileEncoding = 4; lastKnownFileType = sourcecode.c.objc; path = ActionableViewController.m; sourceTree = "<group>"; };
		67B7ED161DE4534700790068 /* MediaViewController.h */ = {isa = PBXFileReference; fileEncoding = 4; lastKnownFileType = sourcecode.c.h; path = MediaViewController.h; sourceTree = "<group>"; };
		67B7ED171DE4534700790068 /* MediaViewController.m */ = {isa = PBXFileReference; fileEncoding = 4; lastKnownFileType = sourcecode.c.objc; path = MediaViewController.m; sourceTree = "<group>"; };
		67B7ED191DE4535600790068 /* CustomizeUIViewController.h */ = {isa = PBXFileReference; fileEncoding = 4; lastKnownFileType = sourcecode.c.h; path = CustomizeUIViewController.h; sourceTree = "<group>"; };
		67B7ED1A1DE4535600790068 /* CustomizeUIViewController.m */ = {isa = PBXFileReference; fileEncoding = 4; lastKnownFileType = sourcecode.c.objc; path = CustomizeUIViewController.m; sourceTree = "<group>"; };
		67EAEEA81DE58ACC00BE4EFC /* UIAlertController+Extension.h */ = {isa = PBXFileReference; fileEncoding = 4; lastKnownFileType = sourcecode.c.h; path = "UIAlertController+Extension.h"; sourceTree = "<group>"; };
		67EAEEA91DE58ACC00BE4EFC /* UIAlertController+Extension.m */ = {isa = PBXFileReference; fileEncoding = 4; lastKnownFileType = sourcecode.c.objc; path = "UIAlertController+Extension.m"; sourceTree = "<group>"; };
		67EAEEAB1DE5A1BB00BE4EFC /* NotificationHandler.h */ = {isa = PBXFileReference; fileEncoding = 4; lastKnownFileType = sourcecode.c.h; path = NotificationHandler.h; sourceTree = "<group>"; };
		67EAEEAC1DE5A1BB00BE4EFC /* NotificationHandler.m */ = {isa = PBXFileReference; fileEncoding = 4; lastKnownFileType = sourcecode.c.objc; path = NotificationHandler.m; sourceTree = "<group>"; };
/* End PBXFileReference section */

/* Begin PBXFrameworksBuildPhase section */
		67B7ECE41DE44EDE00790068 /* Frameworks */ = {
			isa = PBXFrameworksBuildPhase;
			buildActionMask = 2147483647;
			files = (
			);
			runOnlyForDeploymentPostprocessing = 0;
		};
/* End PBXFrameworksBuildPhase section */

/* Begin PBXGroup section */
		67B7ECDE1DE44EDE00790068 = {
			isa = PBXGroup;
			children = (
				67B7ECE91DE44EDE00790068 /* IOS10NOTIFICATION */,
				67B7ECE81DE44EDE00790068 /* Products */,
			);
			sourceTree = "<group>";
		};
		67B7ECE81DE44EDE00790068 /* Products */ = {
			isa = PBXGroup;
			children = (
				67B7ECE71DE44EDE00790068 /* IOS10NOTIFICATION.app */,
			);
			name = Products;
			sourceTree = "<group>";
		};
		67B7ECE91DE44EDE00790068 /* IOS10NOTIFICATION */ = {
			isa = PBXGroup;
			children = (
				67B7ED011DE4524F00790068 /* Classes */,
				67B7ECEA1DE44EDE00790068 /* Supporting Files */,
			);
			path = IOS10NOTIFICATION;
			sourceTree = "<group>";
		};
		67B7ECEA1DE44EDE00790068 /* Supporting Files */ = {
			isa = PBXGroup;
			children = (
				67B7ECF31DE44EDE00790068 /* Notification.storyboard */,
				67B7ECF61DE44EDE00790068 /* Assets.xcassets */,
				67B7ECF81DE44EDE00790068 /* LaunchScreen.storyboard */,
				67B7ECFB1DE44EDE00790068 /* Info.plist */,
			);
			name = "Supporting Files";
			sourceTree = "<group>";
		};
		67B7ED011DE4524F00790068 /* Classes */ = {
			isa = PBXGroup;
			children = (
				67B7ECED1DE44EDE00790068 /* AppDelegate.h */,
				67B7ECEE1DE44EDE00790068 /* AppDelegate.m */,
				67B7ED021DE4524F00790068 /* Category */,
				67B7ED041DE4524F00790068 /* Others */,
				67B7ED031DE4524F00790068 /* DetailViewControllers */,
				67B7ED061DE4524F00790068 /* ViewController.h */,
				67B7ED071DE4524F00790068 /* ViewController.m */,
			);
			path = Classes;
			sourceTree = "<group>";
		};
		67B7ED021DE4524F00790068 /* Category */ = {
			isa = PBXGroup;
			children = (
				67EAEEA81DE58ACC00BE4EFC /* UIAlertController+Extension.h */,
				67EAEEA91DE58ACC00BE4EFC /* UIAlertController+Extension.m */,
				6763EB881DE6938400475761 /* NSDictionary+Extension.h */,
				6763EB891DE6938400475761 /* NSDictionary+Extension.m */,
				6763EB8B1DE6C6EA00475761 /* NSObject+Extension.h */,
				6763EB8C1DE6C6EA00475761 /* NSObject+Extension.m */,
			);
			path = Category;
			sourceTree = "<group>";
		};
		67B7ED031DE4524F00790068 /* DetailViewControllers */ = {
			isa = PBXGroup;
			children = (
				67B7ED0A1DE452FF00790068 /* AuthorizationViewController.h */,
				67B7ED0B1DE452FF00790068 /* AuthorizationViewController.m */,
				67B7ED0D1DE4531500790068 /* TimeIntervalViewController.h */,
				67B7ED0E1DE4531500790068 /* TimeIntervalViewController.m */,
				67B7ED101DE4532800790068 /* ManagementViewController.h */,
				67B7ED111DE4532800790068 /* ManagementViewController.m */,
				67B7ED131DE4533900790068 /* ActionableViewController.h */,
				67B7ED141DE4533900790068 /* ActionableViewController.m */,
				67B7ED161DE4534700790068 /* MediaViewController.h */,
				67B7ED171DE4534700790068 /* MediaViewController.m */,
				67B7ED191DE4535600790068 /* CustomizeUIViewController.h */,
				67B7ED1A1DE4535600790068 /* CustomizeUIViewController.m */,
			);
			path = DetailViewControllers;
			sourceTree = "<group>";
		};
		67B7ED041DE4524F00790068 /* Others */ = {
			isa = PBXGroup;
			children = (
				67EAEEAB1DE5A1BB00BE4EFC /* NotificationHandler.h */,
				67EAEEAC1DE5A1BB00BE4EFC /* NotificationHandler.m */,
				67B7ED051DE4524F00790068 /* main.m */,
			);
			path = Others;
			sourceTree = "<group>";
		};
/* End PBXGroup section */

/* Begin PBXNativeTarget section */
		67B7ECE61DE44EDE00790068 /* IOS10NOTIFICATION */ = {
			isa = PBXNativeTarget;
			buildConfigurationList = 67B7ECFE1DE44EDE00790068 /* Build configuration list for PBXNativeTarget "IOS10NOTIFICATION" */;
			buildPhases = (
				67B7ECE31DE44EDE00790068 /* Sources */,
				67B7ECE41DE44EDE00790068 /* Frameworks */,
				67B7ECE51DE44EDE00790068 /* Resources */,
			);
			buildRules = (
			);
			dependencies = (
			);
			name = IOS10NOTIFICATION;
			productName = IOS10NOTIFICATION;
			productReference = 67B7ECE71DE44EDE00790068 /* IOS10NOTIFICATION.app */;
			productType = "com.apple.product-type.application";
		};
/* End PBXNativeTarget section */

/* Begin PBXProject section */
		67B7ECDF1DE44EDE00790068 /* Project object */ = {
			isa = PBXProject;
			attributes = {
				LastUpgradeCheck = 0810;
				ORGANIZATIONNAME = "贺嘉炜";
				TargetAttributes = {
					67B7ECE61DE44EDE00790068 = {
						CreatedOnToolsVersion = 8.1;
						DevelopmentTeam = 7R3MSEN8NJ;
						ProvisioningStyle = Automatic;
					};
				};
			};
			buildConfigurationList = 67B7ECE21DE44EDE00790068 /* Build configuration list for PBXProject "IOS10NOTIFICATION" */;
			compatibilityVersion = "Xcode 3.2";
			developmentRegion = English;
			hasScannedForEncodings = 0;
			knownRegions = (
				en,
				Base,
			);
			mainGroup = 67B7ECDE1DE44EDE00790068;
			productRefGroup = 67B7ECE81DE44EDE00790068 /* Products */;
			projectDirPath = "";
			projectRoot = "";
			targets = (
				67B7ECE61DE44EDE00790068 /* IOS10NOTIFICATION */,
			);
		};
/* End PBXProject section */

/* Begin PBXResourcesBuildPhase section */
		67B7ECE51DE44EDE00790068 /* Resources */ = {
			isa = PBXResourcesBuildPhase;
			buildActionMask = 2147483647;
			files = (
				67B7ECFA1DE44EDE00790068 /* LaunchScreen.storyboard in Resources */,
				67B7ECF71DE44EDE00790068 /* Assets.xcassets in Resources */,
				67B7ECF51DE44EDE00790068 /* Notification.storyboard in Resources */,
			);
			runOnlyForDeploymentPostprocessing = 0;
		};
/* End PBXResourcesBuildPhase section */

/* Begin PBXSourcesBuildPhase section */
		67B7ECE31DE44EDE00790068 /* Sources */ = {
			isa = PBXSourcesBuildPhase;
			buildActionMask = 2147483647;
			files = (
				67B7ED0C1DE452FF00790068 /* AuthorizationViewController.m in Sources */,
				6763EB8D1DE6C6EA00475761 /* NSObject+Extension.m in Sources */,
				67B7ED1B1DE4535600790068 /* CustomizeUIViewController.m in Sources */,
				6763EB8A1DE6938400475761 /* NSDictionary+Extension.m in Sources */,
				67EAEEAA1DE58ACC00BE4EFC /* UIAlertController+Extension.m in Sources */,
				67B7ED121DE4532800790068 /* ManagementViewController.m in Sources */,
				67B7ECEF1DE44EDE00790068 /* AppDelegate.m in Sources */,
				67B7ED0F1DE4531500790068 /* TimeIntervalViewController.m in Sources */,
				67B7ED081DE4524F00790068 /* main.m in Sources */,
				67B7ED151DE4533900790068 /* ActionableViewController.m in Sources */,
				67EAEEAD1DE5A1BB00BE4EFC /* NotificationHandler.m in Sources */,
				67B7ED091DE4524F00790068 /* ViewController.m in Sources */,
				67B7ED181DE4534700790068 /* MediaViewController.m in Sources */,
			);
			runOnlyForDeploymentPostprocessing = 0;
		};
/* End PBXSourcesBuildPhase section */

/* Begin PBXVariantGroup section */
		67B7ECF31DE44EDE00790068 /* Notification.storyboard */ = {
			isa = PBXVariantGroup;
			children = (
				67B7ECF41DE44EDE00790068 /* Base */,
			);
			name = Notification.storyboard;
			sourceTree = "<group>";
		};
		67B7ECF81DE44EDE00790068 /* LaunchScreen.storyboard */ = {
			isa = PBXVariantGroup;
			children = (
				67B7ECF91DE44EDE00790068 /* Base */,
			);
			name = LaunchScreen.storyboard;
			sourceTree = "<group>";
		};
/* End PBXVariantGroup section */

/* Begin XCBuildConfiguration section */
		67B7ECFC1DE44EDE00790068 /* Debug */ = {
			isa = XCBuildConfiguration;
			buildSettings = {
				ALWAYS_SEARCH_USER_PATHS = NO;
				CLANG_ANALYZER_NONNULL = YES;
				CLANG_CXX_LANGUAGE_STANDARD = "gnu++0x";
				CLANG_CXX_LIBRARY = "libc++";
				CLANG_ENABLE_MODULES = YES;
				CLANG_ENABLE_OBJC_ARC = YES;
				CLANG_WARN_BOOL_CONVERSION = YES;
				CLANG_WARN_CONSTANT_CONVERSION = YES;
				CLANG_WARN_DIRECT_OBJC_ISA_USAGE = YES_ERROR;
				CLANG_WARN_DOCUMENTATION_COMMENTS = YES;
				CLANG_WARN_EMPTY_BODY = YES;
				CLANG_WARN_ENUM_CONVERSION = YES;
				CLANG_WARN_INFINITE_RECURSION = YES;
				CLANG_WARN_INT_CONVERSION = YES;
				CLANG_WARN_OBJC_ROOT_CLASS = YES_ERROR;
				CLANG_WARN_SUSPICIOUS_MOVES = YES;
				CLANG_WARN_UNREACHABLE_CODE = YES;
				CLANG_WARN__DUPLICATE_METHOD_MATCH = YES;
				"CODE_SIGN_IDENTITY[sdk=iphoneos*]" = "iPhone Developer";
				COPY_PHASE_STRIP = NO;
				DEBUG_INFORMATION_FORMAT = dwarf;
				ENABLE_STRICT_OBJC_MSGSEND = YES;
				ENABLE_TESTABILITY = YES;
				GCC_C_LANGUAGE_STANDARD = gnu99;
				GCC_DYNAMIC_NO_PIC = NO;
				GCC_NO_COMMON_BLOCKS = YES;
				GCC_OPTIMIZATION_LEVEL = 0;
				GCC_PREPROCESSOR_DEFINITIONS = (
					"DEBUG=1",
					"$(inherited)",
				);
				GCC_WARN_64_TO_32_BIT_CONVERSION = YES;
				GCC_WARN_ABOUT_RETURN_TYPE = YES_ERROR;
				GCC_WARN_UNDECLARED_SELECTOR = YES;
				GCC_WARN_UNINITIALIZED_AUTOS = YES_AGGRESSIVE;
				GCC_WARN_UNUSED_FUNCTION = YES;
				GCC_WARN_UNUSED_VARIABLE = YES;
				IPHONEOS_DEPLOYMENT_TARGET = 10.1;
				MTL_ENABLE_DEBUG_INFO = YES;
				ONLY_ACTIVE_ARCH = YES;
				SDKROOT = iphoneos;
				TARGETED_DEVICE_FAMILY = "1,2";
			};
			name = Debug;
		};
		67B7ECFD1DE44EDE00790068 /* Release */ = {
			isa = XCBuildConfiguration;
			buildSettings = {
				ALWAYS_SEARCH_USER_PATHS = NO;
				CLANG_ANALYZER_NONNULL = YES;
				CLANG_CXX_LANGUAGE_STANDARD = "gnu++0x";
				CLANG_CXX_LIBRARY = "libc++";
				CLANG_ENABLE_MODULES = YES;
				CLANG_ENABLE_OBJC_ARC = YES;
				CLANG_WARN_BOOL_CONVERSION = YES;
				CLANG_WARN_CONSTANT_CONVERSION = YES;
				CLANG_WARN_DIRECT_OBJC_ISA_USAGE = YES_ERROR;
				CLANG_WARN_DOCUMENTATION_COMMENTS = YES;
				CLANG_WARN_EMPTY_BODY = YES;
				CLANG_WARN_ENUM_CONVERSION = YES;
				CLANG_WARN_INFINITE_RECURSION = YES;
				CLANG_WARN_INT_CONVERSION = YES;
				CLANG_WARN_OBJC_ROOT_CLASS = YES_ERROR;
				CLANG_WARN_SUSPICIOUS_MOVES = YES;
				CLANG_WARN_UNREACHABLE_CODE = YES;
				CLANG_WARN__DUPLICATE_METHOD_MATCH = YES;
				"CODE_SIGN_IDENTITY[sdk=iphoneos*]" = "iPhone Developer";
				COPY_PHASE_STRIP = NO;
				DEBUG_INFORMATION_FORMAT = "dwarf-with-dsym";
				ENABLE_NS_ASSERTIONS = NO;
				ENABLE_STRICT_OBJC_MSGSEND = YES;
				GCC_C_LANGUAGE_STANDARD = gnu99;
				GCC_NO_COMMON_BLOCKS = YES;
				GCC_WARN_64_TO_32_BIT_CONVERSION = YES;
				GCC_WARN_ABOUT_RETURN_TYPE = YES_ERROR;
				GCC_WARN_UNDECLARED_SELECTOR = YES;
				GCC_WARN_UNINITIALIZED_AUTOS = YES_AGGRESSIVE;
				GCC_WARN_UNUSED_FUNCTION = YES;
				GCC_WARN_UNUSED_VARIABLE = YES;
				IPHONEOS_DEPLOYMENT_TARGET = 10.1;
				MTL_ENABLE_DEBUG_INFO = NO;
				SDKROOT = iphoneos;
				TARGETED_DEVICE_FAMILY = "1,2";
				VALIDATE_PRODUCT = YES;
			};
			name = Release;
		};
		67B7ECFF1DE44EDE00790068 /* Debug */ = {
			isa = XCBuildConfiguration;
			buildSettings = {
				ASSETCATALOG_COMPILER_APPICON_NAME = AppIcon;
				DEVELOPMENT_TEAM = 7R3MSEN8NJ;
				INFOPLIST_FILE = IOS10NOTIFICATION/Info.plist;
				IPHONEOS_DEPLOYMENT_TARGET = 10.0;
				LD_RUNPATH_SEARCH_PATHS = "$(inherited) @executable_path/Frameworks";
				PRODUCT_BUNDLE_IDENTIFIER = com.SaiDicaprio.IOS10NOTIFICATION;
				PRODUCT_NAME = "$(TARGET_NAME)";
				TARGETED_DEVICE_FAMILY = 1;
			};
			name = Debug;
		};
		67B7ED001DE44EDE00790068 /* Release */ = {
			isa = XCBuildConfiguration;
			buildSettings = {
				ASSETCATALOG_COMPILER_APPICON_NAME = AppIcon;
				DEVELOPMENT_TEAM = 7R3MSEN8NJ;
				INFOPLIST_FILE = IOS10NOTIFICATION/Info.plist;
				IPHONEOS_DEPLOYMENT_TARGET = 10.0;
				LD_RUNPATH_SEARCH_PATHS = "$(inherited) @executable_path/Frameworks";
				PRODUCT_BUNDLE_IDENTIFIER = com.SaiDicaprio.IOS10NOTIFICATION;
				PRODUCT_NAME = "$(TARGET_NAME)";
				TARGETED_DEVICE_FAMILY = 1;
			};
			name = Release;
		};
/* End XCBuildConfiguration section */

/* Begin XCConfigurationList section */
		67B7ECE21DE44EDE00790068 /* Build configuration list for PBXProject "IOS10NOTIFICATION" */ = {
			isa = XCConfigurationList;
			buildConfigurations = (
				67B7ECFC1DE44EDE00790068 /* Debug */,
				67B7ECFD1DE44EDE00790068 /* Release */,
			);
			defaultConfigurationIsVisible = 0;
			defaultConfigurationName = Release;
		};
		67B7ECFE1DE44EDE00790068 /* Build configuration list for PBXNativeTarget "IOS10NOTIFICATION" */ = {
			isa = XCConfigurationList;
			buildConfigurations = (
				67B7ECFF1DE44EDE00790068 /* Debug */,
				67B7ED001DE44EDE00790068 /* Release */,
			);
			defaultConfigurationIsVisible = 0;
			defaultConfigurationName = Release;
		};
/* End XCConfigurationList section */
	};
	rootObject = 67B7ECDF1DE44EDE00790068 /* Project object */;
}
